{
  "name": "spotify-clone",
  "version": "0.1.0",
  "lockfileVersion": 1,
  "requires": true,
  "dependencies": {
    "@testing-library/jest-dom": {
      "version": "5.16.2",
      "resolved": "https://registry.npmjs.org/@testing-library/jest-dom/-/jest-dom-5.16.2.tgz",
      "integrity": "sha512-...",
      "dev": true
    },
    "@testing-library/react": {
      "version": "12.1.4",
      "resolved": "https://registry.npmjs.org/@testing-library/react/-/react-12.1.4.tgz",
      "integrity": "sha512-...",
      "dev": true
    },
    "@testing-library/user-event": {
      "version": "13.5.0",
      "resolved": "https://registry.npmjs.org/@testing-library/user-event/-/user-event-13.5.0.tgz",
      "integrity": "sha512-...",
      "dev": true
    },
    "axios": {
      "version": "1.7.9",
      "resolved": "https://registry.npmjs.org/axios/-/axios-1.7.9.tgz",
      "integrity": "sha512-..."
    },
    "netlify-cli": {
      "version": "18.0.2",
      "resolved": "https://registry.npmjs.org/netlify-cli/-/netlify-cli-18.0.2.tgz",
      "integrity": "sha512-..."
    },
    "react": {
      "version": "17.0.2",
      "resolved": "https://registry.npmjs.org/react/-/react-17.0.2.tgz",
      "integrity": "sha512-..."
    },
    "react-dom": {
      "version": "17.0.2",
      "resolved": "https://registry.npmjs.org/react-dom/-/react-dom-17.0.2.tgz",
      "integrity": "sha512-..."
    },
    "react-icons": {
      "version": "4.3.1",
      "resolved": "https://registry.npmjs.org/react-icons/-/react-icons-4.3.1.tgz",
      "integrity": "sha512-..."
    },
    "react-scripts": {
      "version": "5.0.1",
      "resolved": "https://registry.npmjs.org/react-scripts/-/react-scripts-5.0.1.tgz",
      "integrity": "sha512-...",
      "dev": true,
      "engines": {
        "node": ">=14.0.0"
      }
    },
    "resolve-url-loader": {
      "version": "5.0.0",
      "resolved": "https://registry.npmjs.org/resolve-url-loader/-/resolve-url-loader-5.0.0.tgz",
      "integrity": "sha512-..."
    },
    "styled-components": {
      "version": "5.3.5",
      "resolved": "https://registry.npmjs.org/styled-components/-/styled-components-5.3.5.tgz",
      "integrity": "sha512-..."
    },
    "web-vitals": {
      "version": "2.1.4",
      "resolved": "https://registry.npmjs.org/web-vitals/-/web-vitals-2.1.4.tgz",
      "integrity": "sha512-..."
    }
  }
}